
Microsoft Visual Studio Solution File, Format Version 12.00
# Visual Studio Version 16
VisualStudioVersion = 16.0.29326.143
MinimumVisualStudioVersion = 10.0.40219.1
Project("{FAE04EC0-301F-11D3-BF4B-00C04F79EFBC}") = "lab5", "lab5\lab5.csproj", "{C04986A0-0DEE-4145-8F42-0C4692232B4C}"
EndProject
Global
	GlobalSection(SolutionConfigurationPlatforms) = preSolution
		Debug|Any CPU = Debug|Any CPU
		Release|Any CPU = Release|Any CPU
	EndGlobalSection
	GlobalSection(ProjectConfigurationPlatforms) = postSolution
		{C04986A0-0DEE-4145-8F42-0C4692232B4C}.Debug|Any CPU.ActiveCfg = Debug|Any CPU
		{C04986A0-0DEE-4145-8F42-0C4692232B4C}.Debug|Any CPU.Build.0 = Debug|Any CPU
		{C04986A0-0DEE-4145-8F42-0C4692232B4C}.Release|Any CPU.ActiveCfg = Release|Any CPU
		{C04986A0-0DEE-4145-8F42-0C4692232B4C}.Release|Any CPU.Build.0 = Release|Any CPU
	EndGlobalSection
	GlobalSection(SolutionProperties) = preSolution
		HideSolutionNode = FALSE
	EndGlobalSection
	GlobalSection(ExtensibilityGlobals) = postSolution
		SolutionGuid = {F98CCBDD-14AB-45C8-BEE3-18AAC55BA39F}
	EndGlobalSection
EndGlobal
